
Microsoft Visual Studio Solution File, Format Version 12.00
# Visual Studio Version 17
VisualStudioVersion = 17.5.2.0
MinimumVisualStudioVersion = 10.0.40219.1
Project("{FAE04EC0-301F-11D3-BF4B-00C04F79EFBC}") = "Agent-test", "Agent-test.csproj", "{A368219B-C24C-05C6-C1CE-94114575322F}"
EndProject
Project("{FAE04EC0-301F-11D3-BF4B-00C04F79EFBC}") = "Agent-test.Tests", "..\Agent-test.Tests\Agent-test.Tests.csproj", "{5CF814C1-71C2-4AFE-8C58-96B4FEEDB168}"
EndProject
Global
	GlobalSection(SolutionConfigurationPlatforms) = preSolution
		Debug|Any CPU = Debug|Any CPU
		Debug|x64 = Debug|x64
		Debug|x86 = Debug|x86
		Release|Any CPU = Release|Any CPU
		Release|x64 = Release|x64
		Release|x86 = Release|x86
	EndGlobalSection
	GlobalSection(ProjectConfigurationPlatforms) = postSolution
		{A368219B-C24C-05C6-C1CE-94114575322F}.Debug|Any CPU.ActiveCfg = Debug|Any CPU
		{A368219B-C24C-05C6-C1CE-94114575322F}.Debug|Any CPU.Build.0 = Debug|Any CPU
		{A368219B-C24C-05C6-C1CE-94114575322F}.Debug|x64.ActiveCfg = Debug|Any CPU
		{A368219B-C24C-05C6-C1CE-94114575322F}.Debug|x64.Build.0 = Debug|Any CPU
		{A368219B-C24C-05C6-C1CE-94114575322F}.Debug|x86.ActiveCfg = Debug|Any CPU
		{A368219B-C24C-05C6-C1CE-94114575322F}.Debug|x86.Build.0 = Debug|Any CPU
		{A368219B-C24C-05C6-C1CE-94114575322F}.Release|Any CPU.ActiveCfg = Release|Any CPU
		{A368219B-C24C-05C6-C1CE-94114575322F}.Release|Any CPU.Build.0 = Release|Any CPU
		{A368219B-C24C-05C6-C1CE-94114575322F}.Release|x64.ActiveCfg = Release|Any CPU
		{A368219B-C24C-05C6-C1CE-94114575322F}.Release|x64.Build.0 = Release|Any CPU
		{A368219B-C24C-05C6-C1CE-94114575322F}.Release|x86.ActiveCfg = Release|Any CPU
		{A368219B-C24C-05C6-C1CE-94114575322F}.Release|x86.Build.0 = Release|Any CPU
		{5CF814C1-71C2-4AFE-8C58-96B4FEEDB168}.Debug|Any CPU.ActiveCfg = Debug|Any CPU
		{5CF814C1-71C2-4AFE-8C58-96B4FEEDB168}.Debug|Any CPU.Build.0 = Debug|Any CPU
		{5CF814C1-71C2-4AFE-8C58-96B4FEEDB168}.Debug|x64.ActiveCfg = Debug|Any CPU
		{5CF814C1-71C2-4AFE-8C58-96B4FEEDB168}.Debug|x64.Build.0 = Debug|Any CPU
		{5CF814C1-71C2-4AFE-8C58-96B4FEEDB168}.Debug|x86.ActiveCfg = Debug|Any CPU
		{5CF814C1-71C2-4AFE-8C58-96B4FEEDB168}.Debug|x86.Build.0 = Debug|Any CPU
		{5CF814C1-71C2-4AFE-8C58-96B4FEEDB168}.Release|Any CPU.ActiveCfg = Release|Any CPU
		{5CF814C1-71C2-4AFE-8C58-96B4FEEDB168}.Release|Any CPU.Build.0 = Release|Any CPU
		{5CF814C1-71C2-4AFE-8C58-96B4FEEDB168}.Release|x64.ActiveCfg = Release|Any CPU
		{5CF814C1-71C2-4AFE-8C58-96B4FEEDB168}.Release|x64.Build.0 = Release|Any CPU
		{5CF814C1-71C2-4AFE-8C58-96B4FEEDB168}.Release|x86.ActiveCfg = Release|Any CPU
		{5CF814C1-71C2-4AFE-8C58-96B4FEEDB168}.Release|x86.Build.0 = Release|Any CPU
	EndGlobalSection
	GlobalSection(SolutionProperties) = preSolution
		HideSolutionNode = FALSE
	EndGlobalSection
	GlobalSection(ExtensibilityGlobals) = postSolution
		SolutionGuid = {723BFDA8-5A29-4CB9-B611-0777A25D1A48}
	EndGlobalSection
EndGlobal
